
Microsoft Visual Studio Solution File, Format Version 11.00
# Visual Studio 2010
Project("{FAE04EC0-301F-11D3-BF4B-00C04F79EFBC}") = "Assembly-CSharp-firstpass", "Assembly-CSharp-firstpass.csproj", "{B26C9C42-34FC-30EA-BF9A-32C414E08D28}"
EndProject
Project("{FAE04EC0-301F-11D3-BF4B-00C04F79EFBC}") = "Assembly-CSharp", "Assembly-CSharp.csproj", "{2568AF40-D048-B90D-8A94-8F751A49167B}"
EndProject
Project("{FAE04EC0-301F-11D3-BF4B-00C04F79EFBC}") = "Assembly-CSharp-Editor-firstpass", "Assembly-CSharp-Editor-firstpass.csproj", "{4D7677DB-6459-684E-F3CB-BB99B19BB030}"
EndProject
Global
	GlobalSection(SolutionConfigurationPlatforms) = preSolution
		Debug|Any CPU = Debug|Any CPU
		Release|Any CPU = Release|Any CPU
	EndGlobalSection
	GlobalSection(ProjectConfigurationPlatforms) = postSolution
		{B26C9C42-34FC-30EA-BF9A-32C414E08D28}.Debug|Any CPU.ActiveCfg = Debug|Any CPU
		{B26C9C42-34FC-30EA-BF9A-32C414E08D28}.Debug|Any CPU.Build.0 = Debug|Any CPU
		{B26C9C42-34FC-30EA-BF9A-32C414E08D28}.Release|Any CPU.ActiveCfg = Release|Any CPU
		{B26C9C42-34FC-30EA-BF9A-32C414E08D28}.Release|Any CPU.Build.0 = Release|Any CPU
		{2568AF40-D048-B90D-8A94-8F751A49167B}.Debug|Any CPU.ActiveCfg = Debug|Any CPU
		{2568AF40-D048-B90D-8A94-8F751A49167B}.Debug|Any CPU.Build.0 = Debug|Any CPU
		{2568AF40-D048-B90D-8A94-8F751A49167B}.Release|Any CPU.ActiveCfg = Release|Any CPU
		{2568AF40-D048-B90D-8A94-8F751A49167B}.Release|Any CPU.Build.0 = Release|Any CPU
		{4D7677DB-6459-684E-F3CB-BB99B19BB030}.Debug|Any CPU.ActiveCfg = Debug|Any CPU
		{4D7677DB-6459-684E-F3CB-BB99B19BB030}.Debug|Any CPU.Build.0 = Debug|Any CPU
		{4D7677DB-6459-684E-F3CB-BB99B19BB030}.Release|Any CPU.ActiveCfg = Release|Any CPU
		{4D7677DB-6459-684E-F3CB-BB99B19BB030}.Release|Any CPU.Build.0 = Release|Any CPU
	EndGlobalSection
	GlobalSection(SolutionProperties) = preSolution
		HideSolutionNode = FALSE
	EndGlobalSection
	GlobalSection(MonoDevelopProperties) = preSolution
		StartupItem = Assembly-CSharp.csproj
	EndGlobalSection
EndGlobal
