
Microsoft Visual Studio Solution File, Format Version 12.00
# Visual Studio 15
Project("{FAE04EC0-301F-11D3-BF4B-00C04F79EFBC}") = "Assembly-CSharp-firstpass", "Assembly-CSharp-firstpass.csproj", "{0FA8768E-E13F-455E-D739-6C376850549D}"
EndProject
Project("{FAE04EC0-301F-11D3-BF4B-00C04F79EFBC}") = "Assembly-CSharp", "Assembly-CSharp.csproj", "{647B9E40-DA3F-82D0-C605-F12FABDC7D1F}"
EndProject
Project("{FAE04EC0-301F-11D3-BF4B-00C04F79EFBC}") = "Assembly-CSharp-Editor-firstpass", "Assembly-CSharp-Editor-firstpass.csproj", "{4D8B0C60-17AB-5E28-FC4B-6F225C4CEFEC}"
EndProject
Global
	GlobalSection(SolutionConfigurationPlatforms) = preSolution
		Debug|Any CPU = Debug|Any CPU
		Release|Any CPU = Release|Any CPU
	EndGlobalSection
	GlobalSection(ProjectConfigurationPlatforms) = postSolution
		{0FA8768E-E13F-455E-D739-6C376850549D}.Debug|Any CPU.ActiveCfg = Debug|Any CPU
		{0FA8768E-E13F-455E-D739-6C376850549D}.Debug|Any CPU.Build.0 = Debug|Any CPU
		{0FA8768E-E13F-455E-D739-6C376850549D}.Release|Any CPU.ActiveCfg = Release|Any CPU
		{0FA8768E-E13F-455E-D739-6C376850549D}.Release|Any CPU.Build.0 = Release|Any CPU
		{647B9E40-DA3F-82D0-C605-F12FABDC7D1F}.Debug|Any CPU.ActiveCfg = Debug|Any CPU
		{647B9E40-DA3F-82D0-C605-F12FABDC7D1F}.Debug|Any CPU.Build.0 = Debug|Any CPU
		{647B9E40-DA3F-82D0-C605-F12FABDC7D1F}.Release|Any CPU.ActiveCfg = Release|Any CPU
		{647B9E40-DA3F-82D0-C605-F12FABDC7D1F}.Release|Any CPU.Build.0 = Release|Any CPU
		{4D8B0C60-17AB-5E28-FC4B-6F225C4CEFEC}.Debug|Any CPU.ActiveCfg = Debug|Any CPU
		{4D8B0C60-17AB-5E28-FC4B-6F225C4CEFEC}.Debug|Any CPU.Build.0 = Debug|Any CPU
		{4D8B0C60-17AB-5E28-FC4B-6F225C4CEFEC}.Release|Any CPU.ActiveCfg = Release|Any CPU
		{4D8B0C60-17AB-5E28-FC4B-6F225C4CEFEC}.Release|Any CPU.Build.0 = Release|Any CPU
	EndGlobalSection
	GlobalSection(SolutionProperties) = preSolution
		HideSolutionNode = FALSE
	EndGlobalSection
EndGlobal
